lockVersion: 2.0.0
id: 01ecd09e-f970-4091-bf97-cb3fd9892f2f
management:
  docChecksum: 26a22f1eef76a3f301573d8bfc1ebec5
  docVersion: 0.1.0
  speakeasyVersion: 1.606.5
  generationVersion: 2.687.1
  releaseVersion: 0.1.1
  configChecksum: 0b6ad21a62f2d5e3a8c9e1fc1ec101e8
  repoURL: https://github.com/lgrosjean/baynext-sdk.git
  repoSubDirectory: python
  installationURL: https://github.com/lgrosjean/baynext-sdk.git#subdirectory=python
  published: true
features:
  python:
    additionalDependencies: 1.0.0
    configurableModuleName: 0.2.0
    core: 5.19.9
    defaultEnabledRetries: 0.2.0
    devContainers: 3.0.0
    envVarSecurityUsage: 0.3.2
    flatRequests: 1.0.1
    flattening: 3.1.1
    globalSecurity: 3.0.3
    globalSecurityCallbacks: 1.0.0
    globalSecurityFlattening: 1.0.0
    globalServerURLs: 3.1.1
    groups: 3.0.0
    methodArguments: 1.0.2
    nameOverrides: 3.0.1
    nullables: 1.0.1
    responseFormat: 1.0.1
    retries: 3.0.2
    sdkHooks: 1.1.0
    unions: 3.0.4
generatedFiles:
  - .devcontainer/README.md
  - .devcontainer/devcontainer.json
  - .devcontainer/setup.sh
  - .gitattributes
  - .vscode/settings.json
  - USAGE.md
  - docs/errors/httpvalidationerror.md
  - docs/models/listrequest.md
  - docs/models/loc.md
  - docs/models/projectcreate.md
  - docs/models/projectcreated.md
  - docs/models/projectpublic.md
  - docs/models/security.md
  - docs/models/user.md
  - docs/models/usermetadata.md
  - docs/models/utils/retryconfig.md
  - docs/models/validationerror.md
  - docs/sdks/baynext/README.md
  - docs/sdks/projects/README.md
  - docs/sdks/usersdk/README.md
  - poetry.toml
  - py.typed
  - pylintrc
  - pyproject.toml
  - scripts/prepare_readme.py
  - scripts/publish.sh
  - src/baynext/__init__.py
  - src/baynext/_hooks/__init__.py
  - src/baynext/_hooks/sdkhooks.py
  - src/baynext/_hooks/types.py
  - src/baynext/_version.py
  - src/baynext/basesdk.py
  - src/baynext/errors/__init__.py
  - src/baynext/errors/baynextdefaulterror.py
  - src/baynext/errors/baynexterror.py
  - src/baynext/errors/httpvalidationerror.py
  - src/baynext/errors/no_response_error.py
  - src/baynext/errors/responsevalidationerror.py
  - src/baynext/httpclient.py
  - src/baynext/models/__init__.py
  - src/baynext/models/listop.py
  - src/baynext/models/projectcreate.py
  - src/baynext/models/projectcreated.py
  - src/baynext/models/projectpublic.py
  - src/baynext/models/security.py
  - src/baynext/models/user.py
  - src/baynext/models/usermetadata.py
  - src/baynext/models/validationerror.py
  - src/baynext/projects.py
  - src/baynext/py.typed
  - src/baynext/sdk.py
  - src/baynext/sdkconfiguration.py
  - src/baynext/types/__init__.py
  - src/baynext/types/basemodel.py
  - src/baynext/user_sdk.py
  - src/baynext/utils/__init__.py
  - src/baynext/utils/annotations.py
  - src/baynext/utils/datetimes.py
  - src/baynext/utils/enums.py
  - src/baynext/utils/eventstreaming.py
  - src/baynext/utils/forms.py
  - src/baynext/utils/headers.py
  - src/baynext/utils/logger.py
  - src/baynext/utils/metadata.py
  - src/baynext/utils/queryparams.py
  - src/baynext/utils/requestbodies.py
  - src/baynext/utils/retries.py
  - src/baynext/utils/security.py
  - src/baynext/utils/serializers.py
  - src/baynext/utils/unmarshal_json_response.py
  - src/baynext/utils/url.py
  - src/baynext/utils/values.py
examples:
  get_current_user_details_v1_user_me_get:
    speakeasy-default-get-current-user-details-v1-user-me-get:
      responses:
        "200":
          application/json: {"email": "Murphy_Farrell62@hotmail.com"}
  list_user_projects_v1_projects_get:
    speakeasy-default-list-user-projects-v1-projects-get:
      parameters:
        query:
          limit: 10
          offset: 0
      responses:
        "200":
          application/json: [{"name": "<value>", "id": "<id>", "owner_id": "<id>", "created_at": "2024-12-26T13:33:03.933Z", "updated_at": null}]
        "422":
          application/json: {}
  create_v1_projects_post:
    speakeasy-default-create-v1-projects-post:
      requestBody:
        application/json: {"name": "<value>"}
      responses:
        "201":
          application/json: {"name": "<value>", "id": "<id>"}
        "422":
          application/json: {}
  list:
    speakeasy-default-list:
      parameters:
        query:
          limit: 10
          offset: 0
      responses:
        "200":
          application/json: [{"name": "<value>", "id": "<id>", "user_id": "<id>", "slug": "<value>", "createdAt": "2025-12-12T06:38:51.693Z", "updatedAt": "2023-04-06T00:09:27.240Z"}]
        "422":
          application/json: {}
examplesVersion: 1.0.2
releaseNotes: |
  ## SDK Changes Detected:
  * `baynext.projects.list()`:  `response.[]` **Changed** **Breaking** :warning:
  * `baynext.user.get()`:  `response.user_metadata` **Added**
