speakeasyVersion: 1.600.2
sources:
    Baynext API:
        sourceNamespace: baynext-api
        sourceRevisionDigest: sha256:1162b1e235ebae2616a7ceb73f5cd65f0cc5b4f7d58a3f5eca9837c1a40278c8
        sourceBlobDigest: sha256:f95bf86156f9f7381c00393be343b4792243ff662d1b72517b176cb94fa5e454
        tags:
            - latest
            - 0.1.0
targets:
    baynext:
        source: Baynext API
        sourceNamespace: baynext-api
        sourceRevisionDigest: sha256:1162b1e235ebae2616a7ceb73f5cd65f0cc5b4f7d58a3f5eca9837c1a40278c8
        sourceBlobDigest: sha256:f95bf86156f9f7381c00393be343b4792243ff662d1b72517b176cb94fa5e454
        codeSamplesNamespace: baynext-api-python-code-samples
        codeSamplesRevisionDigest: sha256:fde03e938b08f2b3593041d1c180c2e95eec0426fd7662a2c8e780c848f7e3b9
workflow:
    workflowVersion: 1.0.0
    speakeasyVersion: latest
    sources:
        Baynext API:
            inputs:
                - location: https://baynext-api.onrender.com/openapi.json
            overlays:
                - location: .speakeasy/speakeasy-modifications-overlay.yaml
            output: .speakeasy/out.openapi.yaml
            registry:
                location: registry.speakeasyapi.dev/baynext/baynext-py/baynext-api
    targets:
        baynext:
            target: python
            source: Baynext API
            publish:
                pypi:
                    token: $pypi_token
            codeSamples:
                registry:
                    location: registry.speakeasyapi.dev/baynext/baynext-py/baynext-api-python-code-samples
                labelOverride:
                    fixedValue: Python (SDK)
                blocking: false
