speakeasyVersion: 1.606.5
sources:
    Baynext API:
        sourceNamespace: baynext-api
        sourceRevisionDigest: sha256:7ebe334d422a902b0112a85fb361ed0a178eb63af4baf85db74e477482504e63
        sourceBlobDigest: sha256:2c832453eee4e7394142bef90802c6112bf2a7c1941761a64744becd5e23c53e
        tags:
            - latest
            - speakeasy-sdk-regen-1755822018
            - 0.1.0
targets:
    baynext:
        source: Baynext API
        sourceNamespace: baynext-api
        sourceRevisionDigest: sha256:7ebe334d422a902b0112a85fb361ed0a178eb63af4baf85db74e477482504e63
        sourceBlobDigest: sha256:2c832453eee4e7394142bef90802c6112bf2a7c1941761a64744becd5e23c53e
        codeSamplesNamespace: baynext-api-python-code-samples
        codeSamplesRevisionDigest: sha256:1355d879b717e32034751ad4d5c2009df21f0cf1234f2c43331e4501efdf8e15
workflow:
    workflowVersion: 1.0.0
    speakeasyVersion: latest
    sources:
        Baynext API:
            inputs:
                - location: https://baynext-api.onrender.com/openapi.json
            overlays:
                - location: .speakeasy/speakeasy-modifications-overlay.yaml
            output: .speakeasy/out.openapi.yaml
            registry:
                location: registry.speakeasyapi.dev/baynext/baynext-py/baynext-api
    targets:
        baynext:
            target: python
            source: Baynext API
            publish:
                pypi:
                    token: $pypi_token
            codeSamples:
                registry:
                    location: registry.speakeasyapi.dev/baynext/baynext-py/baynext-api-python-code-samples
                labelOverride:
                    fixedValue: Python (SDK)
                blocking: false
